# This file is autogenerated, do not edit; changes may be undone by the next 'dep ensure'.


[[projects]]
  branch = "master"
  name = "github.com/eawsy/aws-lambda-go-core"
  packages = ["service/lambda/runtime"]
  revision = "e26eed6aa244a3d45aa693816a9c5faf39390fcd"

[[projects]]
  branch = "master"
  name = "github.com/eawsy/aws-lambda-go-event"
  packages = ["service/lambda/runtime/event/apigatewayproxyevt"]
  revision = "a318481f661f091bafea408f9967cb1ac5bf8905"

[[projects]]
  name = "github.com/satori/go.uuid"
  packages = ["."]
  revision = "879c5887cd475cd7864858769793b2ceb0d44feb"
  version = "v1.1.0"

[[projects]]
  branch = "master"
  name = "github.com/yunspace/serverless-golang"
  packages = ["api","aws/event/apigateway","examples/todo"]
  revision = "5e18759e8f359749e77e8b82e49612358f265920"

[solve-meta]
  analyzer-name = "dep"
  analyzer-version = 1
  inputs-digest = "add8bc26a10cae9f0d64b9dad26460457ed6430f54ccddc206d0a807bc14d8b9"
  solver-name = "gps-cdcl"
  solver-version = 1
