# This file is autogenerated, do not edit; changes may be undone by the next 'dep ensure'.


[[projects]]
  branch = "master"
  name = "github.com/eawsy/aws-lambda-go-core"
  packages = ["service/lambda/runtime"]
  revision = "e26eed6aa244a3d45aa693816a9c5faf39390fcd"

[[projects]]
  branch = "master"
  name = "github.com/eawsy/aws-lambda-go-event"
  packages = ["service/lambda/runtime/event/apigatewayproxyevt"]
  revision = "a318481f661f091bafea408f9967cb1ac5bf8905"

[[projects]]
  branch = "master"
  name = "github.com/eawsy/aws-lambda-go-net"
  packages = ["service/lambda/runtime/net","service/lambda/runtime/net/apigatewayproxy"]
  revision = "5bc0f1130ff6a7590f08add77c01f23bb58772c1"

[[projects]]
  name = "github.com/gorilla/context"
  packages = ["."]
  revision = "1ea25387ff6f684839d82767c1733ff4d4d15d0a"
  version = "v1.1"

[[projects]]
  branch = "master"
  name = "github.com/gorilla/mux"
  packages = ["."]
  revision = "ac112f7d75a0714af1bd86ab17749b31f7809640"

[solve-meta]
  analyzer-name = "dep"
  analyzer-version = 1
  inputs-digest = "b9905d36895aca01cdc89988183fd98061e691b37600be568875f100d7a164a5"
  solver-name = "gps-cdcl"
  solver-version = 1
